Microsoft Visual Studio Solution File, Format Version 12.00
# Visual Studio Version 17
VisualStudioVersion = 17.5.33209.295
MinimumVisualStudioVersion = 10.0.40219.1
Project("{2150E333-8FDC-42A3-9474-1A3956D46DE8}") = "Mod", "Mod", "{2EF62828-6237-4666-90F1-C08AB753E9F4}"
EndProject
Project("{2150E333-8FDC-42A3-9474-1A3956D46DE8}") = "Launcher", "Launcher", "{8F124A7D-F38D-42F4-8688-3E395E104E86}"
EndProject
Project("{2150E333-8FDC-42A3-9474-1A3956D46DE8}") = "Documentation", "Documentation", "{8BF9139B-7CD8-4D22-A944-68FFDB6E44A6}"
	ProjectSection(SolutionItems) = preProject
		docs\LICENCE.md = docs\LICENCE.md
		docs\README.md = docs\README.md
	EndProjectSection
EndProject
Project("{2150E333-8FDC-42A3-9474-1A3956D46DE8}") = "MDK", "MDK", "{707580FB-E9D6-47CB-828D-E7667FC612EF}"
EndProject
Project("{9A19103F-16F7-4668-BE54-9A1E7A4F7556}") = "Shuffle", "src\Shuffle\Shuffle.csproj", "{57D6ED37-CF40-4F13-987A-9464E247C4D4}"
EndProject
Project("{2150E333-8FDC-42A3-9474-1A3956D46DE8}") = "Build", "Build", "{2212C354-6754-4C64-AF91-6C1C4E7B6EDE}"
	ProjectSection(SolutionItems) = preProject
		src\Directory.Build.props = src\Directory.Build.props
		src\Directory.Build.targets = src\Directory.Build.targets
	EndProjectSection
EndProject
Project("{2150E333-8FDC-42A3-9474-1A3956D46DE8}") = "Build", "Build", "{60B01CAF-A711-478E-A7DD-BC20DD2996B2}"
	ProjectSection(SolutionItems) = preProject
		..\..\..\Gantry\src\Directory.Build.props = ..\..\..\Gantry\src\Directory.Build.props
		..\..\..\Gantry\src\Directory.Build.targets = ..\..\..\Gantry\src\Directory.Build.targets
		..\..\..\Gantry\src\Directory.Packages.props = ..\..\..\Gantry\src\Directory.Packages.props
	EndProjectSection
EndProject
Project("{FAE04EC0-301F-11D3-BF4B-00C04F79EFBC}") = "Gantry", "..\..\..\Gantry\src\Gantry\Gantry.csproj", "{A806113D-0330-8DE0-8639-063473731FF5}"
EndProject
Project("{FAE04EC0-301F-11D3-BF4B-00C04F79EFBC}") = "ClientLauncher", "..\..\..\CoreClrLauncher\src\ClientLauncher\ClientLauncher.csproj", "{A7E80173-4739-B8D7-A517-B4B42B30B93E}"
	ProjectSection(ProjectDependencies) = postProject
		{57D6ED37-CF40-4F13-987A-9464E247C4D4} = {57D6ED37-CF40-4F13-987A-9464E247C4D4}
	EndProjectSection
EndProject
Global
	GlobalSection(SolutionConfigurationPlatforms) = preSolution
		Debug|Any CPU = Debug|Any CPU
		Package|Any CPU = Package|Any CPU
		Release|Any CPU = Release|Any CPU
	EndGlobalSection
	GlobalSection(ProjectConfigurationPlatforms) = postSolution
		{57D6ED37-CF40-4F13-987A-9464E247C4D4}.Debug|Any CPU.ActiveCfg = Debug|Any CPU
		{57D6ED37-CF40-4F13-987A-9464E247C4D4}.Debug|Any CPU.Build.0 = Debug|Any CPU
		{57D6ED37-CF40-4F13-987A-9464E247C4D4}.Package|Any CPU.ActiveCfg = Package|Any CPU
		{57D6ED37-CF40-4F13-987A-9464E247C4D4}.Package|Any CPU.Build.0 = Package|Any CPU
		{57D6ED37-CF40-4F13-987A-9464E247C4D4}.Release|Any CPU.ActiveCfg = Release|Any CPU
		{57D6ED37-CF40-4F13-987A-9464E247C4D4}.Release|Any CPU.Build.0 = Release|Any CPU
		{A806113D-0330-8DE0-8639-063473731FF5}.Debug|Any CPU.ActiveCfg = Debug|Any CPU
		{A806113D-0330-8DE0-8639-063473731FF5}.Debug|Any CPU.Build.0 = Debug|Any CPU
		{A806113D-0330-8DE0-8639-063473731FF5}.Package|Any CPU.ActiveCfg = Package|Any CPU
		{A806113D-0330-8DE0-8639-063473731FF5}.Package|Any CPU.Build.0 = Package|Any CPU
		{A806113D-0330-8DE0-8639-063473731FF5}.Release|Any CPU.ActiveCfg = Release|Any CPU
		{A806113D-0330-8DE0-8639-063473731FF5}.Release|Any CPU.Build.0 = Release|Any CPU
		{A7E80173-4739-B8D7-A517-B4B42B30B93E}.Debug|Any CPU.ActiveCfg = Debug|Any CPU
		{A7E80173-4739-B8D7-A517-B4B42B30B93E}.Debug|Any CPU.Build.0 = Debug|Any CPU
		{A7E80173-4739-B8D7-A517-B4B42B30B93E}.Package|Any CPU.ActiveCfg = Package|Any CPU
		{A7E80173-4739-B8D7-A517-B4B42B30B93E}.Package|Any CPU.Build.0 = Package|Any CPU
		{A7E80173-4739-B8D7-A517-B4B42B30B93E}.Release|Any CPU.ActiveCfg = Release|Any CPU
		{A7E80173-4739-B8D7-A517-B4B42B30B93E}.Release|Any CPU.Build.0 = Release|Any CPU
	EndGlobalSection
	GlobalSection(SolutionProperties) = preSolution
		HideSolutionNode = FALSE
	EndGlobalSection
	GlobalSection(NestedProjects) = preSolution
		{57D6ED37-CF40-4F13-987A-9464E247C4D4} = {2EF62828-6237-4666-90F1-C08AB753E9F4}
		{2212C354-6754-4C64-AF91-6C1C4E7B6EDE} = {2EF62828-6237-4666-90F1-C08AB753E9F4}
		{60B01CAF-A711-478E-A7DD-BC20DD2996B2} = {707580FB-E9D6-47CB-828D-E7667FC612EF}
		{A806113D-0330-8DE0-8639-063473731FF5} = {707580FB-E9D6-47CB-828D-E7667FC612EF}
		{A7E80173-4739-B8D7-A517-B4B42B30B93E} = {8F124A7D-F38D-42F4-8688-3E395E104E86}
	EndGlobalSection
	GlobalSection(ExtensibilityGlobals) = postSolution
		SolutionGuid = {4C5B0502-7DC7-4B5C-833B-FDC5488C1009}
	EndGlobalSection
EndGlobal
